
Microsoft Visual Studio Solution File, Format Version 12.00
# Visual Studio Version 17
VisualStudioVersion = 17.0.31724.453
MinimumVisualStudioVersion = 10.0.40219.1
Project("{9A19103F-16F7-4668-BE54-9A1E7A4F7556}") = "JackFruit", "JackFruit\JackFruit.csproj", "{BCE5EB29-21B2-4671-9B51-80C90D13C9AE}"
EndProject
Project("{9A19103F-16F7-4668-BE54-9A1E7A4F7556}") = "ConsoleSupport", "ConsoleSupport\ConsoleSupport.csproj", "{6841E6D8-CE3D-46D4-819D-E262CAA005DD}"
EndProject
Project("{2150E333-8FDC-42A3-9474-1A3956D46DE8}") = "Solution Items", "Solution Items", "{B008B538-CDAE-47C4-BF12-CC5FED56CB80}"
	ProjectSection(SolutionItems) = preProject
		.editorconfig = .editorconfig
		Directory.Build.props = Directory.Build.props
		nuget.config = nuget.config
	EndProjectSection
EndProject
Project("{9A19103F-16F7-4668-BE54-9A1E7A4F7556}") = "Playground", "Playground\Playground.csproj", "{EA17DA2E-79A2-45DC-8412-DB4521533F78}"
EndProject
Project("{6EC3EE1D-3C4E-46DD-8F32-0CC8E7565705}") = "Playground.FSharp", "Playground.FSharp\Playground.FSharp.fsproj", "{F2BB9DBC-32C2-45DD-88F0-1F482BFBB4F4}"
EndProject
Project("{6EC3EE1D-3C4E-46DD-8F32-0CC8E7565705}") = "Generator", "Generator\Generator.fsproj", "{26166555-8C47-4B7B-B261-15FE477164D9}"
EndProject
Project("{6EC3EE1D-3C4E-46DD-8F32-0CC8E7565705}") = "GeneratorTests", "GeneratorTests\GeneratorTests.fsproj", "{9ABF8ADB-4736-4043-89FC-D37A0B619615}"
EndProject
Project("{6EC3EE1D-3C4E-46DD-8F32-0CC8E7565705}") = "JackfruitAppModel", "JackFruitAppModel\JackfruitAppModel.fsproj", "{DCE3DF3F-F440-403D-BB5A-88B9E10DA570}"
EndProject
Project("{6EC3EE1D-3C4E-46DD-8F32-0CC8E7565705}") = "JackfruitAppModel.Tests", "JackfruitAppModel.Tests\JackfruitAppModel.Tests.fsproj", "{36DED83A-2920-4FC6-A042-26DB7FE440B7}"
EndProject
Project("{9A19103F-16F7-4668-BE54-9A1E7A4F7556}") = "Common", "Common\Common.csproj", "{89251EF9-28B4-4950-B5E2-D09EC8418B9F}"
EndProject
Project("{F2A71F9B-5D33-465A-A702-920D77279786}") = "Generator.CommonCodeEval", "Generator.CommonCodeEval\Generator.CommonCodeEval.fsproj", "{B00F71C4-34F5-4B8B-B5D0-4166FE513B72}"
EndProject
Project("{F2A71F9B-5D33-465A-A702-920D77279786}") = "Generator.CommonCodeOut", "Generator.CommonCodeOut\Generator.CommonCodeOut.fsproj", "{D2002B76-37FF-4A36-B6F8-59B9A9AE0C6A}"
EndProject
Global
	GlobalSection(SolutionConfigurationPlatforms) = preSolution
		Debug|Any CPU = Debug|Any CPU
		Release|Any CPU = Release|Any CPU
	EndGlobalSection
	GlobalSection(ProjectConfigurationPlatforms) = postSolution
		{BCE5EB29-21B2-4671-9B51-80C90D13C9AE}.Debug|Any CPU.ActiveCfg = Debug|Any CPU
		{BCE5EB29-21B2-4671-9B51-80C90D13C9AE}.Debug|Any CPU.Build.0 = Debug|Any CPU
		{BCE5EB29-21B2-4671-9B51-80C90D13C9AE}.Release|Any CPU.ActiveCfg = Release|Any CPU
		{BCE5EB29-21B2-4671-9B51-80C90D13C9AE}.Release|Any CPU.Build.0 = Release|Any CPU
		{6841E6D8-CE3D-46D4-819D-E262CAA005DD}.Debug|Any CPU.ActiveCfg = Debug|Any CPU
		{6841E6D8-CE3D-46D4-819D-E262CAA005DD}.Debug|Any CPU.Build.0 = Debug|Any CPU
		{6841E6D8-CE3D-46D4-819D-E262CAA005DD}.Release|Any CPU.ActiveCfg = Release|Any CPU
		{6841E6D8-CE3D-46D4-819D-E262CAA005DD}.Release|Any CPU.Build.0 = Release|Any CPU
		{EA17DA2E-79A2-45DC-8412-DB4521533F78}.Debug|Any CPU.ActiveCfg = Debug|Any CPU
		{EA17DA2E-79A2-45DC-8412-DB4521533F78}.Debug|Any CPU.Build.0 = Debug|Any CPU
		{EA17DA2E-79A2-45DC-8412-DB4521533F78}.Release|Any CPU.ActiveCfg = Release|Any CPU
		{EA17DA2E-79A2-45DC-8412-DB4521533F78}.Release|Any CPU.Build.0 = Release|Any CPU
		{F2BB9DBC-32C2-45DD-88F0-1F482BFBB4F4}.Debug|Any CPU.ActiveCfg = Debug|Any CPU
		{F2BB9DBC-32C2-45DD-88F0-1F482BFBB4F4}.Debug|Any CPU.Build.0 = Debug|Any CPU
		{F2BB9DBC-32C2-45DD-88F0-1F482BFBB4F4}.Release|Any CPU.ActiveCfg = Release|Any CPU
		{F2BB9DBC-32C2-45DD-88F0-1F482BFBB4F4}.Release|Any CPU.Build.0 = Release|Any CPU
		{26166555-8C47-4B7B-B261-15FE477164D9}.Debug|Any CPU.ActiveCfg = Debug|Any CPU
		{26166555-8C47-4B7B-B261-15FE477164D9}.Debug|Any CPU.Build.0 = Debug|Any CPU
		{26166555-8C47-4B7B-B261-15FE477164D9}.Release|Any CPU.ActiveCfg = Release|Any CPU
		{26166555-8C47-4B7B-B261-15FE477164D9}.Release|Any CPU.Build.0 = Release|Any CPU
		{9ABF8ADB-4736-4043-89FC-D37A0B619615}.Debug|Any CPU.ActiveCfg = Debug|Any CPU
		{9ABF8ADB-4736-4043-89FC-D37A0B619615}.Debug|Any CPU.Build.0 = Debug|Any CPU
		{9ABF8ADB-4736-4043-89FC-D37A0B619615}.Release|Any CPU.ActiveCfg = Release|Any CPU
		{9ABF8ADB-4736-4043-89FC-D37A0B619615}.Release|Any CPU.Build.0 = Release|Any CPU
		{DCE3DF3F-F440-403D-BB5A-88B9E10DA570}.Debug|Any CPU.ActiveCfg = Debug|Any CPU
		{DCE3DF3F-F440-403D-BB5A-88B9E10DA570}.Debug|Any CPU.Build.0 = Debug|Any CPU
		{DCE3DF3F-F440-403D-BB5A-88B9E10DA570}.Release|Any CPU.ActiveCfg = Release|Any CPU
		{DCE3DF3F-F440-403D-BB5A-88B9E10DA570}.Release|Any CPU.Build.0 = Release|Any CPU
		{36DED83A-2920-4FC6-A042-26DB7FE440B7}.Debug|Any CPU.ActiveCfg = Debug|Any CPU
		{36DED83A-2920-4FC6-A042-26DB7FE440B7}.Debug|Any CPU.Build.0 = Debug|Any CPU
		{36DED83A-2920-4FC6-A042-26DB7FE440B7}.Release|Any CPU.ActiveCfg = Release|Any CPU
		{36DED83A-2920-4FC6-A042-26DB7FE440B7}.Release|Any CPU.Build.0 = Release|Any CPU
		{89251EF9-28B4-4950-B5E2-D09EC8418B9F}.Debug|Any CPU.ActiveCfg = Debug|Any CPU
		{89251EF9-28B4-4950-B5E2-D09EC8418B9F}.Debug|Any CPU.Build.0 = Debug|Any CPU
		{89251EF9-28B4-4950-B5E2-D09EC8418B9F}.Release|Any CPU.ActiveCfg = Release|Any CPU
		{89251EF9-28B4-4950-B5E2-D09EC8418B9F}.Release|Any CPU.Build.0 = Release|Any CPU
		{B00F71C4-34F5-4B8B-B5D0-4166FE513B72}.Debug|Any CPU.ActiveCfg = Debug|Any CPU
		{B00F71C4-34F5-4B8B-B5D0-4166FE513B72}.Debug|Any CPU.Build.0 = Debug|Any CPU
		{B00F71C4-34F5-4B8B-B5D0-4166FE513B72}.Release|Any CPU.ActiveCfg = Release|Any CPU
		{B00F71C4-34F5-4B8B-B5D0-4166FE513B72}.Release|Any CPU.Build.0 = Release|Any CPU
		{D2002B76-37FF-4A36-B6F8-59B9A9AE0C6A}.Debug|Any CPU.ActiveCfg = Debug|Any CPU
		{D2002B76-37FF-4A36-B6F8-59B9A9AE0C6A}.Debug|Any CPU.Build.0 = Debug|Any CPU
		{D2002B76-37FF-4A36-B6F8-59B9A9AE0C6A}.Release|Any CPU.ActiveCfg = Release|Any CPU
		{D2002B76-37FF-4A36-B6F8-59B9A9AE0C6A}.Release|Any CPU.Build.0 = Release|Any CPU
	EndGlobalSection
	GlobalSection(SolutionProperties) = preSolution
		HideSolutionNode = FALSE
	EndGlobalSection
	GlobalSection(ExtensibilityGlobals) = postSolution
		SolutionGuid = {8FBFB9A5-D7B5-4088-A2FE-CBBE80133F67}
	EndGlobalSection
EndGlobal
