
Microsoft Visual Studio Solution File, Format Version 12.00
# Visual Studio Version 17
VisualStudioVersion = 17.0.31724.453
MinimumVisualStudioVersion = 10.0.40219.1
Project("{9A19103F-16F7-4668-BE54-9A1E7A4F7556}") = "Jackfruit", "JackFruit\Jackfruit.csproj", "{BCE5EB29-21B2-4671-9B51-80C90D13C9AE}"
EndProject
Project("{2150E333-8FDC-42A3-9474-1A3956D46DE8}") = "Solution Items", "Solution Items", "{B008B538-CDAE-47C4-BF12-CC5FED56CB80}"
	ProjectSection(SolutionItems) = preProject
		.editorconfig = .editorconfig
		Directory.Build.props = Directory.Build.props
		Directory.Build.targets = Directory.Build.targets
		nuget.config = nuget.config
	EndProjectSection
EndProject
Project("{9A19103F-16F7-4668-BE54-9A1E7A4F7556}") = "Playground", "Playground\Playground.csproj", "{EA17DA2E-79A2-45DC-8412-DB4521533F78}"
EndProject
Project("{6EC3EE1D-3C4E-46DD-8F32-0CC8E7565705}") = "Playground.FSharp", "Playground.FSharp\Playground.FSharp.fsproj", "{F2BB9DBC-32C2-45DD-88F0-1F482BFBB4F4}"
EndProject
Project("{6EC3EE1D-3C4E-46DD-8F32-0CC8E7565705}") = "Generator", "Generator\Generator.fsproj", "{26166555-8C47-4B7B-B261-15FE477164D9}"
EndProject
Project("{6EC3EE1D-3C4E-46DD-8F32-0CC8E7565705}") = "GeneratorTests", "GeneratorTests\GeneratorTests.fsproj", "{9ABF8ADB-4736-4043-89FC-D37A0B619615}"
EndProject
Project("{6EC3EE1D-3C4E-46DD-8F32-0CC8E7565705}") = "JackfruitAppModel", "JackFruitAppModel\JackfruitAppModel.fsproj", "{DCE3DF3F-F440-403D-BB5A-88B9E10DA570}"
EndProject
Project("{6EC3EE1D-3C4E-46DD-8F32-0CC8E7565705}") = "JackfruitAppModel.Tests", "JackfruitAppModel.Tests\JackfruitAppModel.Tests.fsproj", "{36DED83A-2920-4FC6-A042-26DB7FE440B7}"
EndProject
Project("{6EC3EE1D-3C4E-46DD-8F32-0CC8E7565705}") = "Generator.Core", "Generator.Core\Generator.Core.fsproj", "{3F0ADB6B-BA81-4F02-8F99-CCEA679F9F16}"
EndProject
Project("{6EC3EE1D-3C4E-46DD-8F32-0CC8E7565705}") = "ConsoleSupport", "ConsoleSupport\ConsoleSupport.fsproj", "{A3A11094-53DB-4C62-A232-F303259C7C60}"
EndProject
Project("{9A19103F-16F7-4668-BE54-9A1E7A4F7556}") = "Jackfruit.AppModel.Package", "Jackfruit.AppModel.Package\Jackfruit.AppModel.Package.csproj", "{B97A9440-5D54-428E-AF1C-1A4F00C9F85F}"
EndProject
Project("{6EC3EE1D-3C4E-46DD-8F32-0CC8E7565705}") = "Generator.Core.CSharp", "Generator.Core.CSharp\Generator.Core.CSharp.fsproj", "{4D188BB9-7889-4F26-B243-AFA45D53480B}"
EndProject
Project("{6EC3EE1D-3C4E-46DD-8F32-0CC8E7565705}") = "Generator.Core.VisualBasic", "Generator.Core.VisualBasic\Generator.Core.VisualBasic.fsproj", "{52C35B6F-9DBA-463A-940A-046B96855D11}"
EndProject
Project("{6EC3EE1D-3C4E-46DD-8F32-0CC8E7565705}") = "Generator.CSharp", "Generator.CSharp\Generator.CSharp.fsproj", "{FF6FC2C1-6830-4B9F-A351-16CF51E02C11}"
EndProject
Project("{6EC3EE1D-3C4E-46DD-8F32-0CC8E7565705}") = "Generator.VisualBasic", "Generator.VisualBasic\Generator.VisualBasic.fsproj", "{CE4B5125-4846-482D-91CA-8AD85719B074}"
EndProject
Project("{6EC3EE1D-3C4E-46DD-8F32-0CC8E7565705}") = "JackfruitAppModel.CSharp", "JackFruitAppModel.CSharp\JackfruitAppModel.CSharp.fsproj", "{2B119253-EEA0-4B66-A9CC-B37898A212BD}"
EndProject
Project("{6EC3EE1D-3C4E-46DD-8F32-0CC8E7565705}") = "JackfruitAppModel.VisualBasic", "JackFruitAppModel.VisualBasic\JackfruitAppModel.VisualBasic.fsproj", "{97CDA73F-D9A2-47EF-8789-6A7665206857}"
EndProject
Project("{9A19103F-16F7-4668-BE54-9A1E7A4F7556}") = "Temp1", "Temp1\Temp1.csproj", "{85AC9F03-5056-4E6D-8247-F29565D56A8B}"
EndProject
Project("{9A19103F-16F7-4668-BE54-9A1E7A4F7556}") = "DemoHandlers", "DemoHandlers\DemoHandlers.csproj", "{CD49A1B5-EC42-48F1-80C9-1F5743AAD982}"
EndProject
Project("{FAE04EC0-301F-11D3-BF4B-00C04F79EFBC}") = "Prototype", "Prototype\Prototype.csproj", "{11727940-099E-410F-92D8-E5DA38BCD68D}"
EndProject
Global
	GlobalSection(SolutionConfigurationPlatforms) = preSolution
		Debug|Any CPU = Debug|Any CPU
		Release|Any CPU = Release|Any CPU
	EndGlobalSection
	GlobalSection(ProjectConfigurationPlatforms) = postSolution
		{BCE5EB29-21B2-4671-9B51-80C90D13C9AE}.Debug|Any CPU.ActiveCfg = Debug|Any CPU
		{BCE5EB29-21B2-4671-9B51-80C90D13C9AE}.Debug|Any CPU.Build.0 = Debug|Any CPU
		{BCE5EB29-21B2-4671-9B51-80C90D13C9AE}.Release|Any CPU.ActiveCfg = Release|Any CPU
		{BCE5EB29-21B2-4671-9B51-80C90D13C9AE}.Release|Any CPU.Build.0 = Release|Any CPU
		{EA17DA2E-79A2-45DC-8412-DB4521533F78}.Debug|Any CPU.ActiveCfg = Debug|Any CPU
		{EA17DA2E-79A2-45DC-8412-DB4521533F78}.Debug|Any CPU.Build.0 = Debug|Any CPU
		{EA17DA2E-79A2-45DC-8412-DB4521533F78}.Release|Any CPU.ActiveCfg = Release|Any CPU
		{EA17DA2E-79A2-45DC-8412-DB4521533F78}.Release|Any CPU.Build.0 = Release|Any CPU
		{F2BB9DBC-32C2-45DD-88F0-1F482BFBB4F4}.Debug|Any CPU.ActiveCfg = Debug|Any CPU
		{F2BB9DBC-32C2-45DD-88F0-1F482BFBB4F4}.Debug|Any CPU.Build.0 = Debug|Any CPU
		{F2BB9DBC-32C2-45DD-88F0-1F482BFBB4F4}.Release|Any CPU.ActiveCfg = Release|Any CPU
		{F2BB9DBC-32C2-45DD-88F0-1F482BFBB4F4}.Release|Any CPU.Build.0 = Release|Any CPU
		{26166555-8C47-4B7B-B261-15FE477164D9}.Debug|Any CPU.ActiveCfg = Debug|Any CPU
		{26166555-8C47-4B7B-B261-15FE477164D9}.Debug|Any CPU.Build.0 = Debug|Any CPU
		{26166555-8C47-4B7B-B261-15FE477164D9}.Release|Any CPU.ActiveCfg = Release|Any CPU
		{26166555-8C47-4B7B-B261-15FE477164D9}.Release|Any CPU.Build.0 = Release|Any CPU
		{9ABF8ADB-4736-4043-89FC-D37A0B619615}.Debug|Any CPU.ActiveCfg = Debug|Any CPU
		{9ABF8ADB-4736-4043-89FC-D37A0B619615}.Debug|Any CPU.Build.0 = Debug|Any CPU
		{9ABF8ADB-4736-4043-89FC-D37A0B619615}.Release|Any CPU.ActiveCfg = Release|Any CPU
		{9ABF8ADB-4736-4043-89FC-D37A0B619615}.Release|Any CPU.Build.0 = Release|Any CPU
		{DCE3DF3F-F440-403D-BB5A-88B9E10DA570}.Debug|Any CPU.ActiveCfg = Debug|Any CPU
		{DCE3DF3F-F440-403D-BB5A-88B9E10DA570}.Debug|Any CPU.Build.0 = Debug|Any CPU
		{DCE3DF3F-F440-403D-BB5A-88B9E10DA570}.Release|Any CPU.ActiveCfg = Release|Any CPU
		{DCE3DF3F-F440-403D-BB5A-88B9E10DA570}.Release|Any CPU.Build.0 = Release|Any CPU
		{36DED83A-2920-4FC6-A042-26DB7FE440B7}.Debug|Any CPU.ActiveCfg = Debug|Any CPU
		{36DED83A-2920-4FC6-A042-26DB7FE440B7}.Debug|Any CPU.Build.0 = Debug|Any CPU
		{36DED83A-2920-4FC6-A042-26DB7FE440B7}.Release|Any CPU.ActiveCfg = Release|Any CPU
		{36DED83A-2920-4FC6-A042-26DB7FE440B7}.Release|Any CPU.Build.0 = Release|Any CPU
		{3F0ADB6B-BA81-4F02-8F99-CCEA679F9F16}.Debug|Any CPU.ActiveCfg = Debug|Any CPU
		{3F0ADB6B-BA81-4F02-8F99-CCEA679F9F16}.Debug|Any CPU.Build.0 = Debug|Any CPU
		{3F0ADB6B-BA81-4F02-8F99-CCEA679F9F16}.Release|Any CPU.ActiveCfg = Release|Any CPU
		{3F0ADB6B-BA81-4F02-8F99-CCEA679F9F16}.Release|Any CPU.Build.0 = Release|Any CPU
		{A3A11094-53DB-4C62-A232-F303259C7C60}.Debug|Any CPU.ActiveCfg = Debug|Any CPU
		{A3A11094-53DB-4C62-A232-F303259C7C60}.Debug|Any CPU.Build.0 = Debug|Any CPU
		{A3A11094-53DB-4C62-A232-F303259C7C60}.Release|Any CPU.ActiveCfg = Release|Any CPU
		{A3A11094-53DB-4C62-A232-F303259C7C60}.Release|Any CPU.Build.0 = Release|Any CPU
		{B97A9440-5D54-428E-AF1C-1A4F00C9F85F}.Debug|Any CPU.ActiveCfg = Debug|Any CPU
		{B97A9440-5D54-428E-AF1C-1A4F00C9F85F}.Debug|Any CPU.Build.0 = Debug|Any CPU
		{B97A9440-5D54-428E-AF1C-1A4F00C9F85F}.Release|Any CPU.ActiveCfg = Release|Any CPU
		{B97A9440-5D54-428E-AF1C-1A4F00C9F85F}.Release|Any CPU.Build.0 = Release|Any CPU
		{4D188BB9-7889-4F26-B243-AFA45D53480B}.Debug|Any CPU.ActiveCfg = Debug|Any CPU
		{4D188BB9-7889-4F26-B243-AFA45D53480B}.Debug|Any CPU.Build.0 = Debug|Any CPU
		{4D188BB9-7889-4F26-B243-AFA45D53480B}.Release|Any CPU.ActiveCfg = Release|Any CPU
		{4D188BB9-7889-4F26-B243-AFA45D53480B}.Release|Any CPU.Build.0 = Release|Any CPU
		{52C35B6F-9DBA-463A-940A-046B96855D11}.Debug|Any CPU.ActiveCfg = Debug|Any CPU
		{52C35B6F-9DBA-463A-940A-046B96855D11}.Debug|Any CPU.Build.0 = Debug|Any CPU
		{52C35B6F-9DBA-463A-940A-046B96855D11}.Release|Any CPU.ActiveCfg = Release|Any CPU
		{52C35B6F-9DBA-463A-940A-046B96855D11}.Release|Any CPU.Build.0 = Release|Any CPU
		{FF6FC2C1-6830-4B9F-A351-16CF51E02C11}.Debug|Any CPU.ActiveCfg = Debug|Any CPU
		{FF6FC2C1-6830-4B9F-A351-16CF51E02C11}.Debug|Any CPU.Build.0 = Debug|Any CPU
		{FF6FC2C1-6830-4B9F-A351-16CF51E02C11}.Release|Any CPU.ActiveCfg = Release|Any CPU
		{FF6FC2C1-6830-4B9F-A351-16CF51E02C11}.Release|Any CPU.Build.0 = Release|Any CPU
		{CE4B5125-4846-482D-91CA-8AD85719B074}.Debug|Any CPU.ActiveCfg = Debug|Any CPU
		{CE4B5125-4846-482D-91CA-8AD85719B074}.Debug|Any CPU.Build.0 = Debug|Any CPU
		{CE4B5125-4846-482D-91CA-8AD85719B074}.Release|Any CPU.ActiveCfg = Release|Any CPU
		{CE4B5125-4846-482D-91CA-8AD85719B074}.Release|Any CPU.Build.0 = Release|Any CPU
		{2B119253-EEA0-4B66-A9CC-B37898A212BD}.Debug|Any CPU.ActiveCfg = Debug|Any CPU
		{2B119253-EEA0-4B66-A9CC-B37898A212BD}.Debug|Any CPU.Build.0 = Debug|Any CPU
		{2B119253-EEA0-4B66-A9CC-B37898A212BD}.Release|Any CPU.ActiveCfg = Release|Any CPU
		{2B119253-EEA0-4B66-A9CC-B37898A212BD}.Release|Any CPU.Build.0 = Release|Any CPU
		{97CDA73F-D9A2-47EF-8789-6A7665206857}.Debug|Any CPU.ActiveCfg = Debug|Any CPU
		{97CDA73F-D9A2-47EF-8789-6A7665206857}.Debug|Any CPU.Build.0 = Debug|Any CPU
		{97CDA73F-D9A2-47EF-8789-6A7665206857}.Release|Any CPU.ActiveCfg = Release|Any CPU
		{97CDA73F-D9A2-47EF-8789-6A7665206857}.Release|Any CPU.Build.0 = Release|Any CPU
		{85AC9F03-5056-4E6D-8247-F29565D56A8B}.Debug|Any CPU.ActiveCfg = Debug|Any CPU
		{85AC9F03-5056-4E6D-8247-F29565D56A8B}.Debug|Any CPU.Build.0 = Debug|Any CPU
		{85AC9F03-5056-4E6D-8247-F29565D56A8B}.Release|Any CPU.ActiveCfg = Release|Any CPU
		{85AC9F03-5056-4E6D-8247-F29565D56A8B}.Release|Any CPU.Build.0 = Release|Any CPU
		{CD49A1B5-EC42-48F1-80C9-1F5743AAD982}.Debug|Any CPU.ActiveCfg = Debug|Any CPU
		{CD49A1B5-EC42-48F1-80C9-1F5743AAD982}.Debug|Any CPU.Build.0 = Debug|Any CPU
		{CD49A1B5-EC42-48F1-80C9-1F5743AAD982}.Release|Any CPU.ActiveCfg = Release|Any CPU
		{CD49A1B5-EC42-48F1-80C9-1F5743AAD982}.Release|Any CPU.Build.0 = Release|Any CPU
		{11727940-099E-410F-92D8-E5DA38BCD68D}.Debug|Any CPU.ActiveCfg = Debug|Any CPU
		{11727940-099E-410F-92D8-E5DA38BCD68D}.Debug|Any CPU.Build.0 = Debug|Any CPU
		{11727940-099E-410F-92D8-E5DA38BCD68D}.Release|Any CPU.ActiveCfg = Release|Any CPU
		{11727940-099E-410F-92D8-E5DA38BCD68D}.Release|Any CPU.Build.0 = Release|Any CPU
	EndGlobalSection
	GlobalSection(SolutionProperties) = preSolution
		HideSolutionNode = FALSE
	EndGlobalSection
	GlobalSection(ExtensibilityGlobals) = postSolution
		SolutionGuid = {8FBFB9A5-D7B5-4088-A2FE-CBBE80133F67}
	EndGlobalSection
EndGlobal
